
Microsoft Visual Studio Solution File, Format Version 12.00
# Visual Studio Version 16
VisualStudioVersion = 16.0.30717.126
MinimumVisualStudioVersion = 10.0.40219.1
Project("{9A19103F-16F7-4668-BE54-9A1E7A4F7556}") = "PaymentService", "PaymentService\PaymentService.csproj", "{78F5D92E-15E5-463C-9BCC-649189301621}"
EndProject
Project("{9A19103F-16F7-4668-BE54-9A1E7A4F7556}") = "VideoStreamService", "VideoStreamService\VideoStreamService.csproj", "{BE86D118-57DC-473A-A507-A87FB45A04BA}"
EndProject
Project("{E53339B2-1760-4266-BCC7-CA923CBCF16C}") = "docker-compose", "docker-compose.dcproj", "{536D0A98-B5D4-4751-A168-616F8F2FFF1F}"
EndProject
Project("{9A19103F-16F7-4668-BE54-9A1E7A4F7556}") = "Gateway", "Gateway\Gateway.csproj", "{4900E1D3-AA11-4DEA-A07B-2DA5213F6C1F}"
EndProject
Project("{2150E333-8FDC-42A3-9474-1A3956D46DE8}") = "Testit", "Testit", "{DDB5FD12-FC18-4725-9424-394C24B5DE35}"
	ProjectSection(SolutionItems) = preProject
		..\..\..\Desktop\1.html = ..\..\..\Desktop\1.html
	EndProjectSection
EndProject
Global
	GlobalSection(SolutionConfigurationPlatforms) = preSolution
		Debug|Any CPU = Debug|Any CPU
		Release|Any CPU = Release|Any CPU
	EndGlobalSection
	GlobalSection(ProjectConfigurationPlatforms) = postSolution
		{78F5D92E-15E5-463C-9BCC-649189301621}.Debug|Any CPU.ActiveCfg = Debug|Any CPU
		{78F5D92E-15E5-463C-9BCC-649189301621}.Debug|Any CPU.Build.0 = Debug|Any CPU
		{78F5D92E-15E5-463C-9BCC-649189301621}.Release|Any CPU.ActiveCfg = Release|Any CPU
		{78F5D92E-15E5-463C-9BCC-649189301621}.Release|Any CPU.Build.0 = Release|Any CPU
		{BE86D118-57DC-473A-A507-A87FB45A04BA}.Debug|Any CPU.ActiveCfg = Debug|Any CPU
		{BE86D118-57DC-473A-A507-A87FB45A04BA}.Debug|Any CPU.Build.0 = Debug|Any CPU
		{BE86D118-57DC-473A-A507-A87FB45A04BA}.Release|Any CPU.ActiveCfg = Release|Any CPU
		{BE86D118-57DC-473A-A507-A87FB45A04BA}.Release|Any CPU.Build.0 = Release|Any CPU
		{536D0A98-B5D4-4751-A168-616F8F2FFF1F}.Debug|Any CPU.ActiveCfg = Debug|Any CPU
		{536D0A98-B5D4-4751-A168-616F8F2FFF1F}.Debug|Any CPU.Build.0 = Debug|Any CPU
		{536D0A98-B5D4-4751-A168-616F8F2FFF1F}.Release|Any CPU.ActiveCfg = Release|Any CPU
		{536D0A98-B5D4-4751-A168-616F8F2FFF1F}.Release|Any CPU.Build.0 = Release|Any CPU
		{4900E1D3-AA11-4DEA-A07B-2DA5213F6C1F}.Debug|Any CPU.ActiveCfg = Debug|Any CPU
		{4900E1D3-AA11-4DEA-A07B-2DA5213F6C1F}.Debug|Any CPU.Build.0 = Debug|Any CPU
		{4900E1D3-AA11-4DEA-A07B-2DA5213F6C1F}.Release|Any CPU.ActiveCfg = Release|Any CPU
		{4900E1D3-AA11-4DEA-A07B-2DA5213F6C1F}.Release|Any CPU.Build.0 = Release|Any CPU
	EndGlobalSection
	GlobalSection(SolutionProperties) = preSolution
		HideSolutionNode = FALSE
	EndGlobalSection
	GlobalSection(ExtensibilityGlobals) = postSolution
		SolutionGuid = {89F5FAEC-4FB3-42BD-ACD8-BA8842ED9F56}
	EndGlobalSection
EndGlobal
