
Microsoft Visual Studio Solution File, Format Version 12.00
# Visual Studio Version 16
VisualStudioVersion = 16.0.30717.126
MinimumVisualStudioVersion = 10.0.40219.1
Project("{FAE04EC0-301F-11D3-BF4B-00C04F79EFBC}") = "CharpNews", "CharpNews.csproj", "{752C9A03-E6CD-43F5-8851-F715A8CE4005}"
EndProject
Global
	GlobalSection(SolutionConfigurationPlatforms) = preSolution
		Debug|Any CPU = Debug|Any CPU
		Release|Any CPU = Release|Any CPU
	EndGlobalSection
	GlobalSection(ProjectConfigurationPlatforms) = postSolution
		{752C9A03-E6CD-43F5-8851-F715A8CE4005}.Debug|Any CPU.ActiveCfg = Debug|Any CPU
		{752C9A03-E6CD-43F5-8851-F715A8CE4005}.Debug|Any CPU.Build.0 = Debug|Any CPU
		{752C9A03-E6CD-43F5-8851-F715A8CE4005}.Release|Any CPU.ActiveCfg = Release|Any CPU
		{752C9A03-E6CD-43F5-8851-F715A8CE4005}.Release|Any CPU.Build.0 = Release|Any CPU
	EndGlobalSection
	GlobalSection(SolutionProperties) = preSolution
		HideSolutionNode = FALSE
	EndGlobalSection
	GlobalSection(ExtensibilityGlobals) = postSolution
		SolutionGuid = {C9B748DD-1FB6-4122-9748-6CFAA0A5562D}
	EndGlobalSection
EndGlobal
